
Microsoft Visual Studio Solution File, Format Version 12.00
# Visual Studio Version 17
VisualStudioVersion = 17.14.36109.1
MinimumVisualStudioVersion = 10.0.40219.1
Project("{FAE04EC0-301F-11D3-BF4B-00C04F79EFBC}") = "CatalogService.API", "CatalogService.API\CatalogService.API.csproj", "{396F73E9-D03E-4B85-B6F4-59A7F3CE7358}"
EndProject
Project("{FAE04EC0-301F-11D3-BF4B-00C04F79EFBC}") = "CatalogService.Domain", "CatalogService.Domain\CatalogService.Domain.csproj", "{A81C34C9-08EB-45A8-96E8-08482A1D6BBB}"
EndProject
Project("{FAE04EC0-301F-11D3-BF4B-00C04F79EFBC}") = "CatalogService.Infrastructure", "CatalogService.Infrastructure\CatalogService.Infrastructure.csproj", "{38F4F029-0201-4245-BA97-72E20D928404}"
EndProject
Project("{FAE04EC0-301F-11D3-BF4B-00C04F79EFBC}") = "CatalogService.Application", "CatalogService.Application\CatalogService.Application.csproj", "{1376C9D2-AB51-4E0B-8B61-6BA8D2AD1393}"
EndProject
Project("{FAE04EC0-301F-11D3-BF4B-00C04F79EFBC}") = "CatalogService.Presentation", "CatalogService.Presentation\CatalogService.Presentation.csproj", "{C0D64739-4ECF-48E7-9BAD-EBFD148AD8FD}"
EndProject
Global
	GlobalSection(SolutionConfigurationPlatforms) = preSolution
		Debug|Any CPU = Debug|Any CPU
		Release|Any CPU = Release|Any CPU
	EndGlobalSection
	GlobalSection(ProjectConfigurationPlatforms) = postSolution
		{396F73E9-D03E-4B85-B6F4-59A7F3CE7358}.Debug|Any CPU.ActiveCfg = Debug|Any CPU
		{396F73E9-D03E-4B85-B6F4-59A7F3CE7358}.Debug|Any CPU.Build.0 = Debug|Any CPU
		{396F73E9-D03E-4B85-B6F4-59A7F3CE7358}.Release|Any CPU.ActiveCfg = Release|Any CPU
		{396F73E9-D03E-4B85-B6F4-59A7F3CE7358}.Release|Any CPU.Build.0 = Release|Any CPU
		{A81C34C9-08EB-45A8-96E8-08482A1D6BBB}.Debug|Any CPU.ActiveCfg = Debug|Any CPU
		{A81C34C9-08EB-45A8-96E8-08482A1D6BBB}.Debug|Any CPU.Build.0 = Debug|Any CPU
		{A81C34C9-08EB-45A8-96E8-08482A1D6BBB}.Release|Any CPU.ActiveCfg = Release|Any CPU
		{A81C34C9-08EB-45A8-96E8-08482A1D6BBB}.Release|Any CPU.Build.0 = Release|Any CPU
		{38F4F029-0201-4245-BA97-72E20D928404}.Debug|Any CPU.ActiveCfg = Debug|Any CPU
		{38F4F029-0201-4245-BA97-72E20D928404}.Debug|Any CPU.Build.0 = Debug|Any CPU
		{38F4F029-0201-4245-BA97-72E20D928404}.Release|Any CPU.ActiveCfg = Release|Any CPU
		{38F4F029-0201-4245-BA97-72E20D928404}.Release|Any CPU.Build.0 = Release|Any CPU
		{1376C9D2-AB51-4E0B-8B61-6BA8D2AD1393}.Debug|Any CPU.ActiveCfg = Debug|Any CPU
		{1376C9D2-AB51-4E0B-8B61-6BA8D2AD1393}.Debug|Any CPU.Build.0 = Debug|Any CPU
		{1376C9D2-AB51-4E0B-8B61-6BA8D2AD1393}.Release|Any CPU.ActiveCfg = Release|Any CPU
		{1376C9D2-AB51-4E0B-8B61-6BA8D2AD1393}.Release|Any CPU.Build.0 = Release|Any CPU
		{C0D64739-4ECF-48E7-9BAD-EBFD148AD8FD}.Debug|Any CPU.ActiveCfg = Debug|Any CPU
		{C0D64739-4ECF-48E7-9BAD-EBFD148AD8FD}.Debug|Any CPU.Build.0 = Debug|Any CPU
		{C0D64739-4ECF-48E7-9BAD-EBFD148AD8FD}.Release|Any CPU.ActiveCfg = Release|Any CPU
		{C0D64739-4ECF-48E7-9BAD-EBFD148AD8FD}.Release|Any CPU.Build.0 = Release|Any CPU
	EndGlobalSection
	GlobalSection(SolutionProperties) = preSolution
		HideSolutionNode = FALSE
	EndGlobalSection
	GlobalSection(ExtensibilityGlobals) = postSolution
		SolutionGuid = {2C13F223-0C48-4441-A65F-97B0BE30A138}
	EndGlobalSection
EndGlobal
